// !$*UTF8*$!
{
	archiveVersion = 1;
	classes = {
	};
	objectVersion = 50;
	objects = {

/* Begin PBXBuildFile section */
		74FBE69F25DDF51F0028010C /* AppDelegate.swift in Sources */ = {isa = PBXBuildFile; fileRef = 74FBE69E25DDF51F0028010C /* AppDelegate.swift */; };
		74FBE6A125DDF51F0028010C /* SceneDelegate.swift in Sources */ = {isa = PBXBuildFile; fileRef = 74FBE6A025DDF51F0028010C /* SceneDelegate.swift */; };
		74FBE6A325DDF51F0028010C /* ViewController.swift in Sources */ = {isa = PBXBuildFile; fileRef = 74FBE6A225DDF51F0028010C /* ViewController.swift */; };
		74FBE6A625DDF51F0028010C /* Main.storyboard in Resources */ = {isa = PBXBuildFile; fileRef = 74FBE6A425DDF51F0028010C /* Main.storyboard */; };
		74FBE6A825DDF5220028010C /* Assets.xcassets in Resources */ = {isa = PBXBuildFile; fileRef = 74FBE6A725DDF5220028010C /* Assets.xcassets */; };
		74FBE6AB25DDF5220028010C /* LaunchScreen.storyboard in Resources */ = {isa = PBXBuildFile; fileRef = 74FBE6A925DDF5220028010C /* LaunchScreen.storyboard */; };
		74FBE6B625DDF5220028010C /* flixsterTests.swift in Sources */ = {isa = PBXBuildFile; fileRef = 74FBE6B525DDF5220028010C /* flixsterTests.swift */; };
		74FBE6C125DDF5220028010C /* flixsterUITests.swift in Sources */ = {isa = PBXBuildFile; fileRef = 74FBE6C025DDF5220028010C /* flixsterUITests.swift */; };
/* End PBXBuildFile section */

/* Begin PBXContainerItemProxy section */
		74FBE6B225DDF5220028010C /* PBXContainerItemProxy */ = {
			isa = PBXContainerItemProxy;
			containerPortal = 74FBE69325DDF51F0028010C /* Project object */;
			proxyType = 1;
			remoteGlobalIDString = 74FBE69A25DDF51F0028010C;
			remoteInfo = flixster;
		};
		74FBE6BD25DDF5220028010C /* PBXContainerItemProxy */ = {
			isa = PBXContainerItemProxy;
			containerPortal = 74FBE69325DDF51F0028010C /* Project object */;
			proxyType = 1;
			remoteGlobalIDString = 74FBE69A25DDF51F0028010C;
			remoteInfo = flixster;
		};
/* End PBXContainerItemProxy section */

/* Begin PBXFileReference section */
		74FBE69B25DDF51F0028010C /* flixster.app */ = {isa = PBXFileReference; explicitFileType = wrapper.application; includeInIndex = 0; path = flixster.app; sourceTree = BUILT_PRODUCTS_DIR; };
		74FBE69E25DDF51F0028010C /* AppDelegate.swift */ = {isa = PBXFileReference; lastKnownFileType = sourcecode.swift; path = AppDelegate.swift; sourceTree = "<group>"; };
		74FBE6A025DDF51F0028010C /* SceneDelegate.swift */ = {isa = PBXFileReference; lastKnownFileType = sourcecode.swift; path = SceneDelegate.swift; sourceTree = "<group>"; };
		74FBE6A225DDF51F0028010C /* ViewController.swift */ = {isa = PBXFileReference; lastKnownFileType = sourcecode.swift; path = ViewController.swift; sourceTree = "<group>"; };
		74FBE6A525DDF51F0028010C /* Base */ = {isa = PBXFileReference; lastKnownFileType = file.storyboard; name = Base; path = Base.lproj/Main.storyboard; sourceTree = "<group>"; };
		74FBE6A725DDF5220028010C /* Assets.xcassets */ = {isa = PBXFileReference; lastKnownFileType = folder.assetcatalog; path = Assets.xcassets; sourceTree = "<group>"; };
		74FBE6AA25DDF5220028010C /* Base */ = {isa = PBXFileReference; lastKnownFileType = file.storyboard; name = Base; path = Base.lproj/LaunchScreen.storyboard; sourceTree = "<group>"; };
		74FBE6AC25DDF5220028010C /* Info.plist */ = {isa = PBXFileReference; lastKnownFileType = text.plist.xml; path = Info.plist; sourceTree = "<group>"; };
		74FBE6B125DDF5220028010C /* flixsterTests.xctest */ = {isa = PBXFileReference; explicitFileType = wrapper.cfbundle; includeInIndex = 0; path = flixsterTests.xctest; sourceTree = BUILT_PRODUCTS_DIR; };
		74FBE6B525DDF5220028010C /* flixsterTests.swift */ = {isa = PBXFileReference; lastKnownFileType = sourcecode.swift; path = flixsterTests.swift; sourceTree = "<group>"; };
		74FBE6B725DDF5220028010C /* Info.plist */ = {isa = PBXFileReference; lastKnownFileType = text.plist.xml; path = Info.plist; sourceTree = "<group>"; };
		74FBE6BC25DDF5220028010C /* flixsterUITests.xctest */ = {isa = PBXFileReference; explicitFileType = wrapper.cfbundle; includeInIndex = 0; path = flixsterUITests.xctest; sourceTree = BUILT_PRODUCTS_DIR; };
		74FBE6C025DDF5220028010C /* flixsterUITests.swift */ = {isa = PBXFileReference; lastKnownFileType = sourcecode.swift; path = flixsterUITests.swift; sourceTree = "<group>"; };
		74FBE6C225DDF5220028010C /* Info.plist */ = {isa = PBXFileReference; lastKnownFileType = text.plist.xml; path = Info.plist; sourceTree = "<group>"; };
/* End PBXFileReference section */

/* Begin PBXFrameworksBuildPhase section */
		74FBE69825DDF51F0028010C /* Frameworks */ = {
			isa = PBXFrameworksBuildPhase;
			buildActionMask = 2147483647;
			files = (
			);
			runOnlyForDeploymentPostprocessing = 0;
		};
		74FBE6AE25DDF5220028010C /* Frameworks */ = {
			isa = PBXFrameworksBuildPhase;
			buildActionMask = 2147483647;
			files = (
			);
			runOnlyForDeploymentPostprocessing = 0;
		};
		74FBE6B925DDF5220028010C /* Frameworks */ = {
			isa = PBXFrameworksBuildPhase;
			buildActionMask = 2147483647;
			files = (
			);
			runOnlyForDeploymentPostprocessing = 0;
		};
/* End PBXFrameworksBuildPhase section */

/* Begin PBXGroup section */
		74FBE69225DDF51F0028010C = {
			isa = PBXGroup;
			children = (
				74FBE69D25DDF51F0028010C /* flixster */,
				74FBE6B425DDF5220028010C /* flixsterTests */,
				74FBE6BF25DDF5220028010C /* flixsterUITests */,
				74FBE69C25DDF51F0028010C /* Products */,
			);
			sourceTree = "<group>";
		};
		74FBE69C25DDF51F0028010C /* Products */ = {
			isa = PBXGroup;
			children = (
				74FBE69B25DDF51F0028010C /* flixster.app */,
				74FBE6B125DDF5220028010C /* flixsterTests.xctest */,
				74FBE6BC25DDF5220028010C /* flixsterUITests.xctest */,
			);
			name = Products;
			sourceTree = "<group>";
		};
		74FBE69D25DDF51F0028010C /* flixster */ = {
			isa = PBXGroup;
			children = (
				74FBE69E25DDF51F0028010C /* AppDelegate.swift */,
				74FBE6A025DDF51F0028010C /* SceneDelegate.swift */,
				74FBE6A225DDF51F0028010C /* ViewController.swift */,
				74FBE6A425DDF51F0028010C /* Main.storyboard */,
				74FBE6A725DDF5220028010C /* Assets.xcassets */,
				74FBE6A925DDF5220028010C /* LaunchScreen.storyboard */,
				74FBE6AC25DDF5220028010C /* Info.plist */,
			);
			path = flixster;
			sourceTree = "<group>";
		};
		74FBE6B425DDF5220028010C /* flixsterTests */ = {
			isa = PBXGroup;
			children = (
				74FBE6B525DDF5220028010C /* flixsterTests.swift */,
				74FBE6B725DDF5220028010C /* Info.plist */,
			);
			path = flixsterTests;
			sourceTree = "<group>";
		};
		74FBE6BF25DDF5220028010C /* flixsterUITests */ = {
			isa = PBXGroup;
			children = (
				74FBE6C025DDF5220028010C /* flixsterUITests.swift */,
				74FBE6C225DDF5220028010C /* Info.plist */,
			);
			path = flixsterUITests;
			sourceTree = "<group>";
		};
/* End PBXGroup section */

/* Begin PBXNativeTarget section */
		74FBE69A25DDF51F0028010C /* flixster */ = {
			isa = PBXNativeTarget;
			buildConfigurationList = 74FBE6C525DDF5220028010C /* Build configuration list for PBXNativeTarget "flixster" */;
			buildPhases = (
				74FBE69725DDF51F0028010C /* Sources */,
				74FBE69825DDF51F0028010C /* Frameworks */,
				74FBE69925DDF51F0028010C /* Resources */,
			);
			buildRules = (
			);
			dependencies = (
			);
			name = flixster;
			productName = flixster;
			productReference = 74FBE69B25DDF51F0028010C /* flixster.app */;
			productType = "com.apple.product-type.application";
		};
		74FBE6B025DDF5220028010C /* flixsterTests */ = {
			isa = PBXNativeTarget;
			buildConfigurationList = 74FBE6C825DDF5220028010C /* Build configuration list for PBXNativeTarget "flixsterTests" */;
			buildPhases = (
				74FBE6AD25DDF5220028010C /* Sources */,
				74FBE6AE25DDF5220028010C /* Frameworks */,
				74FBE6AF25DDF5220028010C /* Resources */,
			);
			buildRules = (
			);
			dependencies = (
				74FBE6B325DDF5220028010C /* PBXTargetDependency */,
			);
			name = flixsterTests;
			productName = flixsterTests;
			productReference = 74FBE6B125DDF5220028010C /* flixsterTests.xctest */;
			productType = "com.apple.product-type.bundle.unit-test";
		};
		74FBE6BB25DDF5220028010C /* flixsterUITests */ = {
			isa = PBXNativeTarget;
			buildConfigurationList = 74FBE6CB25DDF5220028010C /* Build configuration list for PBXNativeTarget "flixsterUITests" */;
			buildPhases = (
				74FBE6B825DDF5220028010C /* Sources */,
				74FBE6B925DDF5220028010C /* Frameworks */,
				74FBE6BA25DDF5220028010C /* Resources */,
			);
			buildRules = (
			);
			dependencies = (
				74FBE6BE25DDF5220028010C /* PBXTargetDependency */,
			);
			name = flixsterUITests;
			productName = flixsterUITests;
			productReference = 74FBE6BC25DDF5220028010C /* flixsterUITests.xctest */;
			productType = "com.apple.product-type.bundle.ui-testing";
		};
/* End PBXNativeTarget section */

/* Begin PBXProject section */
		74FBE69325DDF51F0028010C /* Project object */ = {
			isa = PBXProject;
			attributes = {
				LastSwiftUpdateCheck = 1230;
				LastUpgradeCheck = 1230;
				TargetAttributes = {
					74FBE69A25DDF51F0028010C = {
						CreatedOnToolsVersion = 12.3;
					};
					74FBE6B025DDF5220028010C = {
						CreatedOnToolsVersion = 12.3;
						TestTargetID = 74FBE69A25DDF51F0028010C;
					};
					74FBE6BB25DDF5220028010C = {
						CreatedOnToolsVersion = 12.3;
						TestTargetID = 74FBE69A25DDF51F0028010C;
					};
				};
			};
			buildConfigurationList = 74FBE69625DDF51F0028010C /* Build configuration list for PBXProject "flixster" */;
			compatibilityVersion = "Xcode 9.3";
			developmentRegion = en;
			hasScannedForEncodings = 0;
			knownRegions = (
				en,
				Base,
			);
			mainGroup = 74FBE69225DDF51F0028010C;
			productRefGroup = 74FBE69C25DDF51F0028010C /* Products */;
			projectDirPath = "";
			projectRoot = "";
			targets = (
				74FBE69A25DDF51F0028010C /* flixster */,
				74FBE6B025DDF5220028010C /* flixsterTests */,
				74FBE6BB25DDF5220028010C /* flixsterUITests */,
			);
		};
/* End PBXProject section */

/* Begin PBXResourcesBuildPhase section */
		74FBE69925DDF51F0028010C /* Resources */ = {
			isa = PBXResourcesBuildPhase;
			buildActionMask = 2147483647;
			files = (
				74FBE6AB25DDF5220028010C /* LaunchScreen.storyboard in Resources */,
				74FBE6A825DDF5220028010C /* Assets.xcassets in Resources */,
				74FBE6A625DDF51F0028010C /* Main.storyboard in Resources */,
			);
			runOnlyForDeploymentPostprocessing = 0;
		};
		74FBE6AF25DDF5220028010C /* Resources */ = {
			isa = PBXResourcesBuildPhase;
			buildActionMask = 2147483647;
			files = (
			);
			runOnlyForDeploymentPostprocessing = 0;
		};
		74FBE6BA25DDF5220028010C /* Resources */ = {
			isa = PBXResourcesBuildPhase;
			buildActionMask = 2147483647;
			files = (
			);
			runOnlyForDeploymentPostprocessing = 0;
		};
/* End PBXResourcesBuildPhase section */

/* Begin PBXSourcesBuildPhase section */
		74FBE69725DDF51F0028010C /* Sources */ = {
			isa = PBXSourcesBuildPhase;
			buildActionMask = 2147483647;
			files = (
				74FBE6A325DDF51F0028010C /* ViewController.swift in Sources */,
				74FBE69F25DDF51F0028010C /* AppDelegate.swift in Sources */,
				74FBE6A125DDF51F0028010C /* SceneDelegate.swift in Sources */,
			);
			runOnlyForDeploymentPostprocessing = 0;
		};
		74FBE6AD25DDF5220028010C /* Sources */ = {
			isa = PBXSourcesBuildPhase;
			buildActionMask = 2147483647;
			files = (
				74FBE6B625DDF5220028010C /* flixsterTests.swift in Sources */,
			);
			runOnlyForDeploymentPostprocessing = 0;
		};
		74FBE6B825DDF5220028010C /* Sources */ = {
			isa = PBXSourcesBuildPhase;
			buildActionMask = 2147483647;
			files = (
				74FBE6C125DDF5220028010C /* flixsterUITests.swift in Sources */,
			);
			runOnlyForDeploymentPostprocessing = 0;
		};
/* End PBXSourcesBuildPhase section */

/* Begin PBXTargetDependency section */
		74FBE6B325DDF5220028010C /* PBXTargetDependency */ = {
			isa = PBXTargetDependency;
			target = 74FBE69A25DDF51F0028010C /* flixster */;
			targetProxy = 74FBE6B225DDF5220028010C /* PBXContainerItemProxy */;
		};
		74FBE6BE25DDF5220028010C /* PBXTargetDependency */ = {
			isa = PBXTargetDependency;
			target = 74FBE69A25DDF51F0028010C /* flixster */;
			targetProxy = 74FBE6BD25DDF5220028010C /* PBXContainerItemProxy */;
		};
/* End PBXTargetDependency section */

/* Begin PBXVariantGroup section */
		74FBE6A425DDF51F0028010C /* Main.storyboard */ = {
			isa = PBXVariantGroup;
			children = (
				74FBE6A525DDF51F0028010C /* Base */,
			);
			name = Main.storyboard;
			sourceTree = "<group>";
		};
		74FBE6A925DDF5220028010C /* LaunchScreen.storyboard */ = {
			isa = PBXVariantGroup;
			children = (
				74FBE6AA25DDF5220028010C /* Base */,
			);
			name = LaunchScreen.storyboard;
			sourceTree = "<group>";
		};
/* End PBXVariantGroup section */

/* Begin XCBuildConfiguration section */
		74FBE6C325DDF5220028010C /* Debug */ = {
			isa = XCBuildConfiguration;
			buildSettings = {
				ALWAYS_SEARCH_USER_PATHS = NO;
				CLANG_ANALYZER_NONNULL = YES;
				CLANG_ANALYZER_NUMBER_OBJECT_CONVERSION = YES_AGGRESSIVE;
				CLANG_CXX_LANGUAGE_STANDARD = "gnu++14";
				CLANG_CXX_LIBRARY = "libc++";
				CLANG_ENABLE_MODULES = YES;
				CLANG_ENABLE_OBJC_ARC = YES;
				CLANG_ENABLE_OBJC_WEAK = YES;
				CLANG_WARN_BLOCK_CAPTURE_AUTORELEASING = YES;
				CLANG_WARN_BOOL_CONVERSION = YES;
				CLANG_WARN_COMMA = YES;
				CLANG_WARN_CONSTANT_CONVERSION = YES;
				CLANG_WARN_DEPRECATED_OBJC_IMPLEMENTATIONS = YES;
				CLANG_WARN_DIRECT_OBJC_ISA_USAGE = YES_ERROR;
				CLANG_WARN_DOCUMENTATION_COMMENTS = YES;
				CLANG_WARN_EMPTY_BODY = YES;
				CLANG_WARN_ENUM_CONVERSION = YES;
				CLANG_WARN_INFINITE_RECURSION = YES;
				CLANG_WARN_INT_CONVERSION = YES;
				CLANG_WARN_NON_LITERAL_NULL_CONVERSION = YES;
				CLANG_WARN_OBJC_IMPLICIT_RETAIN_SELF = YES;
				CLANG_WARN_OBJC_LITERAL_CONVERSION = YES;
				CLANG_WARN_OBJC_ROOT_CLASS = YES_ERROR;
				CLANG_WARN_QUOTED_INCLUDE_IN_FRAMEWORK_HEADER = YES;
				CLANG_WARN_RANGE_LOOP_ANALYSIS = YES;
				CLANG_WARN_STRICT_PROTOTYPES = YES;
				CLANG_WARN_SUSPICIOUS_MOVE = YES;
				CLANG_WARN_UNGUARDED_AVAILABILITY = YES_AGGRESSIVE;
				CLANG_WARN_UNREACHABLE_CODE = YES;
				CLANG_WARN__DUPLICATE_METHOD_MATCH = YES;
				COPY_PHASE_STRIP = NO;
				DEBUG_INFORMATION_FORMAT = dwarf;
				ENABLE_STRICT_OBJC_MSGSEND = YES;
				ENABLE_TESTABILITY = YES;
				GCC_C_LANGUAGE_STANDARD = gnu11;
				GCC_DYNAMIC_NO_PIC = NO;
				GCC_NO_COMMON_BLOCKS = YES;
				GCC_OPTIMIZATION_LEVEL = 0;
				GCC_PREPROCESSOR_DEFINITIONS = (
					"DEBUG=1",
					"$(inherited)",
				);
				GCC_WARN_64_TO_32_BIT_CONVERSION = YES;
				GCC_WARN_ABOUT_RETURN_TYPE = YES_ERROR;
				GCC_WARN_UNDECLARED_SELECTOR = YES;
				GCC_WARN_UNINITIALIZED_AUTOS = YES_AGGRESSIVE;
				GCC_WARN_UNUSED_FUNCTION = YES;
				GCC_WARN_UNUSED_VARIABLE = YES;
				IPHONEOS_DEPLOYMENT_TARGET = 14.3;
				MTL_ENABLE_DEBUG_INFO = INCLUDE_SOURCE;
				MTL_FAST_MATH = YES;
				ONLY_ACTIVE_ARCH = YES;
				SDKROOT = iphoneos;
				SWIFT_ACTIVE_COMPILATION_CONDITIONS = DEBUG;
				SWIFT_OPTIMIZATION_LEVEL = "-Onone";
			};
			name = Debug;
		};
		74FBE6C425DDF5220028010C /* Release */ = {
			isa = XCBuildConfiguration;
			buildSettings = {
				ALWAYS_SEARCH_USER_PATHS = NO;
				CLANG_ANALYZER_NONNULL = YES;
				CLANG_ANALYZER_NUMBER_OBJECT_CONVERSION = YES_AGGRESSIVE;
				CLANG_CXX_LANGUAGE_STANDARD = "gnu++14";
				CLANG_CXX_LIBRARY = "libc++";
				CLANG_ENABLE_MODULES = YES;
				CLANG_ENABLE_OBJC_ARC = YES;
				CLANG_ENABLE_OBJC_WEAK = YES;
				CLANG_WARN_BLOCK_CAPTURE_AUTORELEASING = YES;
				CLANG_WARN_BOOL_CONVERSION = YES;
				CLANG_WARN_COMMA = YES;
				CLANG_WARN_CONSTANT_CONVERSION = YES;
				CLANG_WARN_DEPRECATED_OBJC_IMPLEMENTATIONS = YES;
				CLANG_WARN_DIRECT_OBJC_ISA_USAGE = YES_ERROR;
				CLANG_WARN_DOCUMENTATION_COMMENTS = YES;
				CLANG_WARN_EMPTY_BODY = YES;
				CLANG_WARN_ENUM_CONVERSION = YES;
				CLANG_WARN_INFINITE_RECURSION = YES;
				CLANG_WARN_INT_CONVERSION = YES;
				CLANG_WARN_NON_LITERAL_NULL_CONVERSION = YES;
				CLANG_WARN_OBJC_IMPLICIT_RETAIN_SELF = YES;
				CLANG_WARN_OBJC_LITERAL_CONVERSION = YES;
				CLANG_WARN_OBJC_ROOT_CLASS = YES_ERROR;
				CLANG_WARN_QUOTED_INCLUDE_IN_FRAMEWORK_HEADER = YES;
				CLANG_WARN_RANGE_LOOP_ANALYSIS = YES;
				CLANG_WARN_STRICT_PROTOTYPES = YES;
				CLANG_WARN_SUSPICIOUS_MOVE = YES;
				CLANG_WARN_UNGUARDED_AVAILABILITY = YES_AGGRESSIVE;
				CLANG_WARN_UNREACHABLE_CODE = YES;
				CLANG_WARN__DUPLICATE_METHOD_MATCH = YES;
				COPY_PHASE_STRIP = NO;
				DEBUG_INFORMATION_FORMAT = "dwarf-with-dsym";
				ENABLE_NS_ASSERTIONS = NO;
				ENABLE_STRICT_OBJC_MSGSEND = YES;
				GCC_C_LANGUAGE_STANDARD = gnu11;
				GCC_NO_COMMON_BLOCKS = YES;
				GCC_WARN_64_TO_32_BIT_CONVERSION = YES;
				GCC_WARN_ABOUT_RETURN_TYPE = YES_ERROR;
				GCC_WARN_UNDECLARED_SELECTOR = YES;
				GCC_WARN_UNINITIALIZED_AUTOS = YES_AGGRESSIVE;
				GCC_WARN_UNUSED_FUNCTION = YES;
				GCC_WARN_UNUSED_VARIABLE = YES;
				IPHONEOS_DEPLOYMENT_TARGET = 14.3;
				MTL_ENABLE_DEBUG_INFO = NO;
				MTL_FAST_MATH = YES;
				SDKROOT = iphoneos;
				SWIFT_COMPILATION_MODE = wholemodule;
				SWIFT_OPTIMIZATION_LEVEL = "-O";
				VALIDATE_PRODUCT = YES;
			};
			name = Release;
		};
		74FBE6C625DDF5220028010C /* Debug */ = {
			isa = XCBuildConfiguration;
			buildSettings = {
				ASSETCATALOG_COMPILER_APPICON_NAME = AppIcon;
				ASSETCATALOG_COMPILER_GLOBAL_ACCENT_COLOR_NAME = AccentColor;
				CODE_SIGN_STYLE = Automatic;
				DEVELOPMENT_TEAM = 5WY722A2RR;
				INFOPLIST_FILE = flixster/Info.plist;
				LD_RUNPATH_SEARCH_PATHS = (
					"$(inherited)",
					"@executable_path/Frameworks",
				);
				PRODUCT_BUNDLE_IDENTIFIER = com.codepath.flixster;
				PRODUCT_NAME = "$(TARGET_NAME)";
				SWIFT_VERSION = 5.0;
				TARGETED_DEVICE_FAMILY = "1,2";
			};
			name = Debug;
		};
		74FBE6C725DDF5220028010C /* Release */ = {
			isa = XCBuildConfiguration;
			buildSettings = {
				ASSETCATALOG_COMPILER_APPICON_NAME = AppIcon;
				ASSETCATALOG_COMPILER_GLOBAL_ACCENT_COLOR_NAME = AccentColor;
				CODE_SIGN_STYLE = Automatic;
				DEVELOPMENT_TEAM = 5WY722A2RR;
				INFOPLIST_FILE = flixster/Info.plist;
				LD_RUNPATH_SEARCH_PATHS = (
					"$(inherited)",
					"@executable_path/Frameworks",
				);
				PRODUCT_BUNDLE_IDENTIFIER = com.codepath.flixster;
				PRODUCT_NAME = "$(TARGET_NAME)";
				SWIFT_VERSION = 5.0;
				TARGETED_DEVICE_FAMILY = "1,2";
			};
			name = Release;
		};
		74FBE6C925DDF5220028010C /* Debug */ = {
			isa = XCBuildConfiguration;
			buildSettings = {
				ALWAYS_EMBED_SWIFT_STANDARD_LIBRARIES = YES;
				BUNDLE_LOADER = "$(TEST_HOST)";
				CODE_SIGN_STYLE = Automatic;
				DEVELOPMENT_TEAM = 5WY722A2RR;
				INFOPLIST_FILE = flixsterTests/Info.plist;
				IPHONEOS_DEPLOYMENT_TARGET = 14.3;
				LD_RUNPATH_SEARCH_PATHS = (
					"$(inherited)",
					"@executable_path/Frameworks",
					"@loader_path/Frameworks",
				);
				PRODUCT_BUNDLE_IDENTIFIER = com.codepath.flixsterTests;
				PRODUCT_NAME = "$(TARGET_NAME)";
				SWIFT_VERSION = 5.0;
				TARGETED_DEVICE_FAMILY = "1,2";
				TEST_HOST = "$(BUILT_PRODUCTS_DIR)/flixster.app/flixster";
			};
			name = Debug;
		};
		74FBE6CA25DDF5220028010C /* Release */ = {
			isa = XCBuildConfiguration;
			buildSettings = {
				ALWAYS_EMBED_SWIFT_STANDARD_LIBRARIES = YES;
				BUNDLE_LOADER = "$(TEST_HOST)";
				CODE_SIGN_STYLE = Automatic;
				DEVELOPMENT_TEAM = 5WY722A2RR;
				INFOPLIST_FILE = flixsterTests/Info.plist;
				IPHONEOS_DEPLOYMENT_TARGET = 14.3;
				LD_RUNPATH_SEARCH_PATHS = (
					"$(inherited)",
					"@executable_path/Frameworks",
					"@loader_path/Frameworks",
				);
				PRODUCT_BUNDLE_IDENTIFIER = com.codepath.flixsterTests;
				PRODUCT_NAME = "$(TARGET_NAME)";
				SWIFT_VERSION = 5.0;
				TARGETED_DEVICE_FAMILY = "1,2";
				TEST_HOST = "$(BUILT_PRODUCTS_DIR)/flixster.app/flixster";
			};
			name = Release;
		};
		74FBE6CC25DDF5220028010C /* Debug */ = {
			isa = XCBuildConfiguration;
			buildSettings = {
				ALWAYS_EMBED_SWIFT_STANDARD_LIBRARIES = YES;
				CODE_SIGN_STYLE = Automatic;
				DEVELOPMENT_TEAM = 5WY722A2RR;
				INFOPLIST_FILE = flixsterUITests/Info.plist;
				LD_RUNPATH_SEARCH_PATHS = (
					"$(inherited)",
					"@executable_path/Frameworks",
					"@loader_path/Frameworks",
				);
				PRODUCT_BUNDLE_IDENTIFIER = com.codepath.flixsterUITests;
				PRODUCT_NAME = "$(TARGET_NAME)";
				SWIFT_VERSION = 5.0;
				TARGETED_DEVICE_FAMILY = "1,2";
				TEST_TARGET_NAME = flixster;
			};
			name = Debug;
		};
		74FBE6CD25DDF5220028010C /* Release */ = {
			isa = XCBuildConfiguration;
			buildSettings = {
				ALWAYS_EMBED_SWIFT_STANDARD_LIBRARIES = YES;
				CODE_SIGN_STYLE = Automatic;
				DEVELOPMENT_TEAM = 5WY722A2RR;
				INFOPLIST_FILE = flixsterUITests/Info.plist;
				LD_RUNPATH_SEARCH_PATHS = (
					"$(inherited)",
					"@executable_path/Frameworks",
					"@loader_path/Frameworks",
				);
				PRODUCT_BUNDLE_IDENTIFIER = com.codepath.flixsterUITests;
				PRODUCT_NAME = "$(TARGET_NAME)";
				SWIFT_VERSION = 5.0;
				TARGETED_DEVICE_FAMILY = "1,2";
				TEST_TARGET_NAME = flixster;
			};
			name = Release;
		};
/* End XCBuildConfiguration section */

/* Begin XCConfigurationList section */
		74FBE69625DDF51F0028010C /* Build configuration list for PBXProject "flixster" */ = {
			isa = XCConfigurationList;
			buildConfigurations = (
				74FBE6C325DDF5220028010C /* Debug */,
				74FBE6C425DDF5220028010C /* Release */,
			);
			defaultConfigurationIsVisible = 0;
			defaultConfigurationName = Release;
		};
		74FBE6C525DDF5220028010C /* Build configuration list for PBXNativeTarget "flixster" */ = {
			isa = XCConfigurationList;
			buildConfigurations = (
				74FBE6C625DDF5220028010C /* Debug */,
				74FBE6C725DDF5220028010C /* Release */,
			);
			defaultConfigurationIsVisible = 0;
			defaultConfigurationName = Release;
		};
		74FBE6C825DDF5220028010C /* Build configuration list for PBXNativeTarget "flixsterTests" */ = {
			isa = XCConfigurationList;
			buildConfigurations = (
				74FBE6C925DDF5220028010C /* Debug */,
				74FBE6CA25DDF5220028010C /* Release */,
			);
			defaultConfigurationIsVisible = 0;
			defaultConfigurationName = Release;
		};
		74FBE6CB25DDF5220028010C /* Build configuration list for PBXNativeTarget "flixsterUITests" */ = {
			isa = XCConfigurationList;
			buildConfigurations = (
				74FBE6CC25DDF5220028010C /* Debug */,
				74FBE6CD25DDF5220028010C /* Release */,
			);
			defaultConfigurationIsVisible = 0;
			defaultConfigurationName = Release;
		};
/* End XCConfigurationList section */
	};
	rootObject = 74FBE69325DDF51F0028010C /* Project object */;
}
